
Microsoft Visual Studio Solution File, Format Version 12.00
# Visual Studio Version 17
VisualStudioVersion = 17.8.34330.188
MinimumVisualStudioVersion = 10.0.40219.1
Project("{FAE04EC0-301F-11D3-BF4B-00C04F79EFBC}") = "geo_dotnet", "geo_dotnet.csproj", "{7CC023A1-AEA3-4FB2-ADE9-669EDB643F62}"
EndProject
Global
	GlobalSection(SolutionConfigurationPlatforms) = preSolution
		Debug|Any CPU = Debug|Any CPU
		Release|Any CPU = Release|Any CPU
	EndGlobalSection
	GlobalSection(ProjectConfigurationPlatforms) = postSolution
		{7CC023A1-AEA3-4FB2-ADE9-669EDB643F62}.Debug|Any CPU.ActiveCfg = Debug|Any CPU
		{7CC023A1-AEA3-4FB2-ADE9-669EDB643F62}.Debug|Any CPU.Build.0 = Debug|Any CPU
		{7CC023A1-AEA3-4FB2-ADE9-669EDB643F62}.Release|Any CPU.ActiveCfg = Release|Any CPU
		{7CC023A1-AEA3-4FB2-ADE9-669EDB643F62}.Release|Any CPU.Build.0 = Release|Any CPU
	EndGlobalSection
	GlobalSection(SolutionProperties) = preSolution
		HideSolutionNode = FALSE
	EndGlobalSection
	GlobalSection(ExtensibilityGlobals) = postSolution
		SolutionGuid = {A1074E7B-AC9A-4EB3-80F5-863D042507F8}
	EndGlobalSection
EndGlobal
